
Microsoft Visual Studio Solution File, Format Version 12.00
# Visual Studio Version 16
VisualStudioVersion = 16.0.29728.190
MinimumVisualStudioVersion = 10.0.40219.1
Project("{FAE04EC0-301F-11D3-BF4B-00C04F79EFBC}") = "ClassicASP.TwoFactorAuthentication", "ClassicASP.TwoFactorAuthentication\ClassicASP.TwoFactorAuthentication.csproj", "{061C2322-8A0D-486E-B486-74DD6E38D7F7}"
EndProject
Global
	GlobalSection(SolutionConfigurationPlatforms) = preSolution
		Debug|Any CPU = Debug|Any CPU
		Release|Any CPU = Release|Any CPU
	EndGlobalSection
	GlobalSection(ProjectConfigurationPlatforms) = postSolution
		{061C2322-8A0D-486E-B486-74DD6E38D7F7}.Debug|Any CPU.ActiveCfg = Debug|Any CPU
		{061C2322-8A0D-486E-B486-74DD6E38D7F7}.Debug|Any CPU.Build.0 = Debug|Any CPU
		{061C2322-8A0D-486E-B486-74DD6E38D7F7}.Release|Any CPU.ActiveCfg = Release|Any CPU
		{061C2322-8A0D-486E-B486-74DD6E38D7F7}.Release|Any CPU.Build.0 = Release|Any CPU
	EndGlobalSection
	GlobalSection(SolutionProperties) = preSolution
		HideSolutionNode = FALSE
	EndGlobalSection
	GlobalSection(ExtensibilityGlobals) = postSolution
		SolutionGuid = {B913CCC8-67BB-4C1C-9566-E28A632E374E}
	EndGlobalSection
EndGlobal
